<?xml version="1.0" encoding="utf-8"?>
<Project ToolsVersion="4.0" xmlns="http://schemas.microsoft.com/developer/msbuild/2003">
  <ItemGroup>
    <Filter Include="Source Files">
      <UniqueIdentifier>{4FC737F1-C7A5-4376-A066-2A32D752A2FF}</UniqueIdentifier>
      <Extensions>cpp;c;cc;cxx;c++;def;odl;idl;hpj;bat;asm;asmx</Extensions>
    </Filter>
    <Filter Include="Header Files">
      <UniqueIdentifier>{93995380-89BD-4b04-88EB-625FBE52EBFB}</UniqueIdentifier>
      <Extensions>h;hh;hpp;hxx;h++;hm;inl;inc;ipp;xsd</Extensions>
    </Filter>
    <Filter Include="Resource Files">
      <UniqueIdentifier>{67DA6AB6-F800-4c08-8B7A-83BB121AAD01}</UniqueIdentifier>
      <Extensions>rc;ico;cur;bmp;dlg;rc2;rct;bin;rgs;gif;jpg;jpeg;jpe;resx;tiff;tif;png;wav;mfcribbon-ms</Extensions>
    </Filter>
    <Filter Include="Lib">
      <UniqueIdentifier>{e7f30580-6252-43a8-8ddf-e6e68521a96e}</UniqueIdentifier>
    </Filter>
    <Filter Include="Port">
      <UniqueIdentifier>{656761ea-991c-4cd2-8102-c23288a2a646}</UniqueIdentifier>
    </Filter>
  </ItemGroup>
  <ItemGroup>
    <ClCompile Include="src\IPoolMessage.cpp">
      <Filter>Lib</Filter>
    </ClCompile>
    <ClCompile Include="WindowsMessageQueue.cpp">
      <Filter>Port</Filter>
    </ClCompile>
    <ClCompile Include="TimerModule.cpp">
      <Filter>Source Files</Filter>
    </ClCompile>
    <ClCompile Include="CLIActor.cpp">
      <Filter>Source Files</Filter>
    </ClCompile>
    <ClCompile Include="LogFileActor.cpp">
      <Filter>Source Files</Filter>
    </ClCompile>
    <ClCompile Include="main.cpp">
      <Filter>Source Files</Filter>
    </ClCompile>
  </ItemGroup>
  <ItemGroup>
    <ClInclude Include="src\ControlBlock.h">
      <Filter>Lib</Filter>
    </ClInclude>
    <ClInclude Include="src\Dispatcher.h">
      <Filter>Lib</Filter>
    </ClInclude>
    <ClInclude Include="src\handle_message.h">
      <Filter>Lib</Filter>
    </ClInclude>
    <ClInclude Include="src\IActor.h">
      <Filter>Lib</Filter>
    </ClInclude>
    <ClInclude Include="src\IActorQueue.h">
      <Filter>Lib</Filter>
    </ClInclude>
    <ClInclude Include="src\IControlBlock.h">
      <Filter>Lib</Filter>
    </ClInclude>
    <ClInclude Include="src\IMessage.h">
      <Filter>Lib</Filter>
    </ClInclude>
    <ClInclude Include="src\IMultiPool.h">
      <Filter>Lib</Filter>
    </ClInclude>
    <ClInclude Include="src\IMultiPoolSource.h">
      <Filter>Lib</Filter>
    </ClInclude>
    <ClInclude Include="src\IPool.h">
      <Filter>Lib</Filter>
    </ClInclude>
    <ClInclude Include="src\IPoolMessage.h">
      <Filter>Lib</Filter>
    </ClInclude>
    <ClInclude Include="src\IQueue.h">
      <Filter>Lib</Filter>
    </ClInclude>
    <ClInclude Include="src\IRouter.h">
      <Filter>Lib</Filter>
    </ClInclude>
    <ClInclude Include="src\IStack.h">
      <Filter>Lib</Filter>
    </ClInclude>
    <ClInclude Include="src\make_array.h">
      <Filter>Lib</Filter>
    </ClInclude>
    <ClInclude Include="src\MessagePool.h">
      <Filter>Lib</Filter>
    </ClInclude>
    <ClInclude Include="src\send_from_pool.h">
      <Filter>Lib</Filter>
    </ClInclude>
    <ClInclude Include="src\send_message.h">
      <Filter>Lib</Filter>
    </ClInclude>
    <ClInclude Include="src\TAlignedBuffer.h">
      <Filter>Lib</Filter>
    </ClInclude>
    <ClInclude Include="src\TArrayList.h">
      <Filter>Lib</Filter>
    </ClInclude>
    <ClInclude Include="src\TArrayListBuffer.h">
      <Filter>Lib</Filter>
    </ClInclude>
    <ClInclude Include="src\TContiguousPool.h">
      <Filter>Lib</Filter>
    </ClInclude>
    <ClInclude Include="src\TContiguousPoolBuffer.h">
      <Filter>Lib</Filter>
    </ClInclude>
    <ClInclude Include="src\TDispatchRouter.h">
      <Filter>Lib</Filter>
    </ClInclude>
    <ClInclude Include="src\TLockGuard.h">
      <Filter>Lib</Filter>
    </ClInclude>
    <ClInclude Include="src\TMultiPool.h">
      <Filter>Lib</Filter>
    </ClInclude>
    <ClInclude Include="src\TPoolMessage.h">
      <Filter>Lib</Filter>
    </ClInclude>
    <ClInclude Include="src\TQueue.h">
      <Filter>Lib</Filter>
    </ClInclude>
    <ClInclude Include="src\TSharedPoolPtr.h">
      <Filter>Lib</Filter>
    </ClInclude>
    <ClInclude Include="src\TStack.h">
      <Filter>Lib</Filter>
    </ClInclude>
    <ClInclude Include="src\TStaticArrayList.h">
      <Filter>Lib</Filter>
    </ClInclude>
    <ClInclude Include="src\TStaticContiguousPool.h">
      <Filter>Lib</Filter>
    </ClInclude>
    <ClInclude Include="src\TStaticMultiPoolSource.h">
      <Filter>Lib</Filter>
    </ClInclude>
    <ClInclude Include="src\TStaticQueue.h">
      <Filter>Lib</Filter>
    </ClInclude>
    <ClInclude Include="src\TSynchronizedActorQueue.h">
      <Filter>Lib</Filter>
    </ClInclude>
    <ClInclude Include="src\TSynchronizedMultiPool.h">
      <Filter>Lib</Filter>
    </ClInclude>
    <ClInclude Include="src\TSynchronizedPoolMessage.h">
      <Filter>Lib</Filter>
    </ClInclude>
    <ClInclude Include="WindowsMessageQueue.h">
      <Filter>Port</Filter>
    </ClInclude>
    <ClInclude Include="TimerModule.h">
      <Filter>Header Files</Filter>
    </ClInclude>
    <ClInclude Include="CLIActor.h">
      <Filter>Header Files</Filter>
    </ClInclude>
    <ClInclude Include="LogFileActor.h">
      <Filter>Header Files</Filter>
    </ClInclude>
    <ClInclude Include="IDataMessage.h">
      <Filter>Lib</Filter>
    </ClInclude>
  </ItemGroup>
  <ItemGroup>
    <None Include=".clang-format" />
  </ItemGroup>
</Project>