<?xml version="1.0" encoding="utf-8"?>
<Project ToolsVersion="4.0" xmlns="http://schemas.microsoft.com/developer/msbuild/2003">
  <ItemGroup>
    <Filter Include="Source Files">
      <UniqueIdentifier>{4FC737F1-C7A5-4376-A066-2A32D752A2FF}</UniqueIdentifier>
      <Extensions>cpp;c;cc;cxx;c++;def;odl;idl;hpj;bat;asm;asmx</Extensions>
    </Filter>
    <Filter Include="Header Files">
      <UniqueIdentifier>{93995380-89BD-4b04-88EB-625FBE52EBFB}</UniqueIdentifier>
      <Extensions>h;hh;hpp;hxx;h++;hm;inl;inc;ipp;xsd</Extensions>
    </Filter>
    <Filter Include="Resource Files">
      <UniqueIdentifier>{67DA6AB6-F800-4c08-8B7A-83BB121AAD01}</UniqueIdentifier>
      <Extensions>rc;ico;cur;bmp;dlg;rc2;rct;bin;rgs;gif;jpg;jpeg;jpe;resx;tiff;tif;png;wav;mfcribbon-ms</Extensions>
    </Filter>
    <Filter Include="Header Files\Pool">
      <UniqueIdentifier>{7c9b03a8-8458-46da-a3de-aa58182524a5}</UniqueIdentifier>
    </Filter>
    <Filter Include="Source Files\Pool">
      <UniqueIdentifier>{589a35ca-3c65-40c5-bbdb-cb1875517a2b}</UniqueIdentifier>
    </Filter>
    <Filter Include="Header Files\Queue">
      <UniqueIdentifier>{e5289823-98d7-45b5-99af-bae15cd878cf}</UniqueIdentifier>
    </Filter>
    <Filter Include="Source Files\Queue">
      <UniqueIdentifier>{1ba13882-37fb-4422-b283-2694589b6b50}</UniqueIdentifier>
    </Filter>
    <Filter Include="Header Files\ActorQueue">
      <UniqueIdentifier>{c9982992-4ad5-4d2c-a673-139adf78bca7}</UniqueIdentifier>
    </Filter>
    <Filter Include="Source Files\ActorQueue">
      <UniqueIdentifier>{48ac3614-0758-4bc3-bb03-a70dd1e98a35}</UniqueIdentifier>
    </Filter>
    <Filter Include="Header Files\Pool\Managed">
      <UniqueIdentifier>{046595f1-1b08-4a0f-957a-545015ec213f}</UniqueIdentifier>
    </Filter>
    <Filter Include="Header Files\Stack">
      <UniqueIdentifier>{4aa586ee-4073-43be-a484-a84521d535a3}</UniqueIdentifier>
    </Filter>
    <Filter Include="Header Files\MessagePool">
      <UniqueIdentifier>{fbb96e57-dd5d-4867-810b-b7f2dfef6d76}</UniqueIdentifier>
    </Filter>
    <Filter Include="Header Files\Allocators">
      <UniqueIdentifier>{e19d0e26-3aee-4acd-964b-4abfe57498e2}</UniqueIdentifier>
    </Filter>
    <Filter Include="Header Files\List">
      <UniqueIdentifier>{445ea53f-3903-4611-9ace-6a19651d119e}</UniqueIdentifier>
    </Filter>
  </ItemGroup>
  <ItemGroup>
    <ClCompile Include="ConsoleApplication6.cpp">
      <Filter>Source Files</Filter>
    </ClCompile>
    <ClCompile Include="WindowsQueue.cpp">
      <Filter>Source Files\ActorQueue</Filter>
    </ClCompile>
    <ClCompile Include="IActorQueue.cpp">
      <Filter>Source Files\ActorQueue</Filter>
    </ClCompile>
    <ClCompile Include="Dispatcher.cpp">
      <Filter>Source Files</Filter>
    </ClCompile>
    <ClCompile Include="ActorModel.cpp">
      <Filter>Source Files</Filter>
    </ClCompile>
    <ClCompile Include="CLIActor.cpp">
      <Filter>Source Files</Filter>
    </ClCompile>
    <ClCompile Include="LogActor.cpp">
      <Filter>Source Files</Filter>
    </ClCompile>
    <ClCompile Include="IAllocator.cpp">
      <Filter>Source Files</Filter>
    </ClCompile>
    <ClCompile Include="TArrayList.cpp">
      <Filter>Source Files</Filter>
    </ClCompile>
    <ClCompile Include="IRandomAccessPool.cpp">
      <Filter>Source Files</Filter>
    </ClCompile>
    <ClCompile Include="TArrayListBuffer.cpp">
      <Filter>Source Files</Filter>
    </ClCompile>
  </ItemGroup>
  <ItemGroup>
    <ClInclude Include="IQueue.h">
      <Filter>Header Files\Queue</Filter>
    </ClInclude>
    <ClInclude Include="IMessage.h">
      <Filter>Header Files</Filter>
    </ClInclude>
    <ClInclude Include="TMessage.h">
      <Filter>Header Files</Filter>
    </ClInclude>
    <ClInclude Include="WindowsQueue.h">
      <Filter>Header Files\ActorQueue</Filter>
    </ClInclude>
    <ClInclude Include="IActorQueue.h">
      <Filter>Header Files\ActorQueue</Filter>
    </ClInclude>
    <ClInclude Include="TStaticQueue.h">
      <Filter>Header Files\Queue</Filter>
    </ClInclude>
    <ClInclude Include="TQueue.h">
      <Filter>Header Files\Queue</Filter>
    </ClInclude>
    <ClInclude Include="IPool.h">
      <Filter>Header Files\Pool</Filter>
    </ClInclude>
    <ClInclude Include="ControlBlock.h">
      <Filter>Header Files\Pool\Managed</Filter>
    </ClInclude>
    <ClInclude Include="TManaged.h">
      <Filter>Header Files\Pool\Managed</Filter>
    </ClInclude>
    <ClInclude Include="TManagedContiguousPool.h">
      <Filter>Header Files\Pool\Managed</Filter>
    </ClInclude>
    <ClInclude Include="TManagedContiguousPoolBuffer.h">
      <Filter>Header Files\Pool\Managed</Filter>
    </ClInclude>
    <ClInclude Include="TContiguousPool.h">
      <Filter>Header Files\Pool</Filter>
    </ClInclude>
    <ClInclude Include="TContiguousPoolBuffer.h">
      <Filter>Header Files\Pool</Filter>
    </ClInclude>
    <ClInclude Include="TStack.h">
      <Filter>Header Files\Stack</Filter>
    </ClInclude>
    <ClInclude Include="IStack.h">
      <Filter>Header Files\Stack</Filter>
    </ClInclude>
    <ClInclude Include="IManagedPool.h">
      <Filter>Header Files\Pool\Managed</Filter>
    </ClInclude>
    <ClInclude Include="TManagedStorage.h">
      <Filter>Header Files</Filter>
    </ClInclude>
    <ClInclude Include="SourceMapPool.h">
      <Filter>Header Files\MessagePool</Filter>
    </ClInclude>
    <ClInclude Include="SourceMap.h">
      <Filter>Header Files\MessagePool</Filter>
    </ClInclude>
    <ClInclude Include="MessageHandle.h">
      <Filter>Header Files\MessagePool</Filter>
    </ClInclude>
    <ClInclude Include="MessageMultiPool.h">
      <Filter>Header Files\MessagePool</Filter>
    </ClInclude>
    <ClInclude Include="Dispatcher.h">
      <Filter>Header Files</Filter>
    </ClInclude>
    <ClInclude Include="ActorModel.h">
      <Filter>Header Files</Filter>
    </ClInclude>
    <ClInclude Include="CLIActor.h">
      <Filter>Header Files</Filter>
    </ClInclude>
    <ClInclude Include="LogActor.h">
      <Filter>Header Files</Filter>
    </ClInclude>
    <ClInclude Include="IAllocator.h">
      <Filter>Header Files\Allocators</Filter>
    </ClInclude>
    <ClInclude Include="TArrayList.h">
      <Filter>Header Files\List</Filter>
    </ClInclude>
    <ClInclude Include="TContiguousAllocator.h">
      <Filter>Header Files\Allocators</Filter>
    </ClInclude>
    <ClInclude Include="IRandomAccessPool.h">
      <Filter>Header Files\Pool</Filter>
    </ClInclude>
    <ClInclude Include="TContiguousBuffer.h">
      <Filter>Header Files\Allocators</Filter>
    </ClInclude>
    <ClInclude Include="TArrayListBuffer.h">
      <Filter>Header Files\List</Filter>
    </ClInclude>
  </ItemGroup>
</Project>